
Microsoft Visual Studio Solution File, Format Version 12.00
# Visual Studio Version 16
VisualStudioVersion = 16.0.31129.286
MinimumVisualStudioVersion = 10.0.40219.1
Project("{9A19103F-16F7-4668-BE54-9A1E7A4F7556}") = "EntityFrameworkLibrary", "EntityFrameworkLibrary\EntityFrameworkLibrary.csproj", "{CE567FAD-D4BB-44AC-9F3E-8C1E288A27CA}"
EndProject
Project("{9A19103F-16F7-4668-BE54-9A1E7A4F7556}") = "WebAppPractice", "WebAppPractice\WebAppPractice.csproj", "{0EE6D9DB-97AA-4600-864F-76AA0F7384A7}"
EndProject
Project("{FAE04EC0-301F-11D3-BF4B-00C04F79EFBC}") = "ConsoleApp3", "ConsoleApp3\ConsoleApp3.csproj", "{179FE781-B112-4373-B4D2-475D55D6A140}"
EndProject
Global
	GlobalSection(SolutionConfigurationPlatforms) = preSolution
		Debug|Any CPU = Debug|Any CPU
		Release|Any CPU = Release|Any CPU
	EndGlobalSection
	GlobalSection(ProjectConfigurationPlatforms) = postSolution
		{CE567FAD-D4BB-44AC-9F3E-8C1E288A27CA}.Debug|Any CPU.ActiveCfg = Debug|Any CPU
		{CE567FAD-D4BB-44AC-9F3E-8C1E288A27CA}.Debug|Any CPU.Build.0 = Debug|Any CPU
		{CE567FAD-D4BB-44AC-9F3E-8C1E288A27CA}.Release|Any CPU.ActiveCfg = Release|Any CPU
		{CE567FAD-D4BB-44AC-9F3E-8C1E288A27CA}.Release|Any CPU.Build.0 = Release|Any CPU
		{0EE6D9DB-97AA-4600-864F-76AA0F7384A7}.Debug|Any CPU.ActiveCfg = Debug|Any CPU
		{0EE6D9DB-97AA-4600-864F-76AA0F7384A7}.Debug|Any CPU.Build.0 = Debug|Any CPU
		{0EE6D9DB-97AA-4600-864F-76AA0F7384A7}.Release|Any CPU.ActiveCfg = Release|Any CPU
		{0EE6D9DB-97AA-4600-864F-76AA0F7384A7}.Release|Any CPU.Build.0 = Release|Any CPU
		{179FE781-B112-4373-B4D2-475D55D6A140}.Debug|Any CPU.ActiveCfg = Debug|Any CPU
		{179FE781-B112-4373-B4D2-475D55D6A140}.Debug|Any CPU.Build.0 = Debug|Any CPU
		{179FE781-B112-4373-B4D2-475D55D6A140}.Release|Any CPU.ActiveCfg = Release|Any CPU
		{179FE781-B112-4373-B4D2-475D55D6A140}.Release|Any CPU.Build.0 = Release|Any CPU
	EndGlobalSection
	GlobalSection(SolutionProperties) = preSolution
		HideSolutionNode = FALSE
	EndGlobalSection
	GlobalSection(ExtensibilityGlobals) = postSolution
		SolutionGuid = {3FA69268-E473-4367-8AB4-D7A25DC2E29C}
	EndGlobalSection
EndGlobal
