
Microsoft Visual Studio Solution File, Format Version 12.00
# Visual Studio Version 16
VisualStudioVersion = 16.0.31205.134
MinimumVisualStudioVersion = 10.0.40219.1
Project("{9A19103F-16F7-4668-BE54-9A1E7A4F7556}") = "DesignPattern", "DesignPattern\DesignPattern.csproj", "{5A4DA2DB-7653-4FD8-9C77-B4040A7E614B}"
EndProject
Project("{FAE04EC0-301F-11D3-BF4B-00C04F79EFBC}") = "Singleton", "Singleton\Singleton.csproj", "{9FDBD02E-7BB7-492E-B3B7-A21C3960F4FA}"
EndProject
Project("{FAE04EC0-301F-11D3-BF4B-00C04F79EFBC}") = "BuilderPattern", "BuilderPattern\BuilderPattern.csproj", "{5CB90CE0-F7E0-4201-8692-380AA379E92F}"
EndProject
Global
	GlobalSection(SolutionConfigurationPlatforms) = preSolution
		Debug|Any CPU = Debug|Any CPU
		Release|Any CPU = Release|Any CPU
	EndGlobalSection
	GlobalSection(ProjectConfigurationPlatforms) = postSolution
		{5A4DA2DB-7653-4FD8-9C77-B4040A7E614B}.Debug|Any CPU.ActiveCfg = Debug|Any CPU
		{5A4DA2DB-7653-4FD8-9C77-B4040A7E614B}.Debug|Any CPU.Build.0 = Debug|Any CPU
		{5A4DA2DB-7653-4FD8-9C77-B4040A7E614B}.Release|Any CPU.ActiveCfg = Release|Any CPU
		{5A4DA2DB-7653-4FD8-9C77-B4040A7E614B}.Release|Any CPU.Build.0 = Release|Any CPU
		{9FDBD02E-7BB7-492E-B3B7-A21C3960F4FA}.Debug|Any CPU.ActiveCfg = Debug|Any CPU
		{9FDBD02E-7BB7-492E-B3B7-A21C3960F4FA}.Debug|Any CPU.Build.0 = Debug|Any CPU
		{9FDBD02E-7BB7-492E-B3B7-A21C3960F4FA}.Release|Any CPU.ActiveCfg = Release|Any CPU
		{9FDBD02E-7BB7-492E-B3B7-A21C3960F4FA}.Release|Any CPU.Build.0 = Release|Any CPU
		{5CB90CE0-F7E0-4201-8692-380AA379E92F}.Debug|Any CPU.ActiveCfg = Debug|Any CPU
		{5CB90CE0-F7E0-4201-8692-380AA379E92F}.Debug|Any CPU.Build.0 = Debug|Any CPU
		{5CB90CE0-F7E0-4201-8692-380AA379E92F}.Release|Any CPU.ActiveCfg = Release|Any CPU
		{5CB90CE0-F7E0-4201-8692-380AA379E92F}.Release|Any CPU.Build.0 = Release|Any CPU
	EndGlobalSection
	GlobalSection(SolutionProperties) = preSolution
		HideSolutionNode = FALSE
	EndGlobalSection
	GlobalSection(ExtensibilityGlobals) = postSolution
		SolutionGuid = {3B50ABD4-97FA-40C6-B18E-F58DBCC971B6}
	EndGlobalSection
EndGlobal
