
Microsoft Visual Studio Solution File, Format Version 12.00
# Visual Studio Version 16
VisualStudioVersion = 16.0.31205.134
MinimumVisualStudioVersion = 10.0.40219.1
Project("{FAE04EC0-301F-11D3-BF4B-00C04F79EFBC}") = "DependencyInjectionPractice", "DependencyInjectionPractice\DependencyInjectionPractice.csproj", "{8B4E0E25-42E8-44D7-91C7-D60B41A8151D}"
EndProject
Global
	GlobalSection(SolutionConfigurationPlatforms) = preSolution
		Debug|Any CPU = Debug|Any CPU
		Release|Any CPU = Release|Any CPU
	EndGlobalSection
	GlobalSection(ProjectConfigurationPlatforms) = postSolution
		{8B4E0E25-42E8-44D7-91C7-D60B41A8151D}.Debug|Any CPU.ActiveCfg = Debug|Any CPU
		{8B4E0E25-42E8-44D7-91C7-D60B41A8151D}.Debug|Any CPU.Build.0 = Debug|Any CPU
		{8B4E0E25-42E8-44D7-91C7-D60B41A8151D}.Release|Any CPU.ActiveCfg = Release|Any CPU
		{8B4E0E25-42E8-44D7-91C7-D60B41A8151D}.Release|Any CPU.Build.0 = Release|Any CPU
	EndGlobalSection
	GlobalSection(SolutionProperties) = preSolution
		HideSolutionNode = FALSE
	EndGlobalSection
	GlobalSection(ExtensibilityGlobals) = postSolution
		SolutionGuid = {DCD57CBF-479E-4C86-9A22-48C8C63A28E7}
	EndGlobalSection
EndGlobal
