
Microsoft Visual Studio Solution File, Format Version 12.00
# Visual Studio Version 16
VisualStudioVersion = 16.0.31205.134
MinimumVisualStudioVersion = 10.0.40219.1
Project("{FAE04EC0-301F-11D3-BF4B-00C04F79EFBC}") = "ExtensionPractice", "ExtensionPractice\ExtensionPractice.csproj", "{A6F25B3E-24A9-431B-BB0A-92E9D282621D}"
EndProject
Global
	GlobalSection(SolutionConfigurationPlatforms) = preSolution
		Debug|Any CPU = Debug|Any CPU
		Release|Any CPU = Release|Any CPU
	EndGlobalSection
	GlobalSection(ProjectConfigurationPlatforms) = postSolution
		{A6F25B3E-24A9-431B-BB0A-92E9D282621D}.Debug|Any CPU.ActiveCfg = Debug|Any CPU
		{A6F25B3E-24A9-431B-BB0A-92E9D282621D}.Debug|Any CPU.Build.0 = Debug|Any CPU
		{A6F25B3E-24A9-431B-BB0A-92E9D282621D}.Release|Any CPU.ActiveCfg = Release|Any CPU
		{A6F25B3E-24A9-431B-BB0A-92E9D282621D}.Release|Any CPU.Build.0 = Release|Any CPU
	EndGlobalSection
	GlobalSection(SolutionProperties) = preSolution
		HideSolutionNode = FALSE
	EndGlobalSection
	GlobalSection(ExtensibilityGlobals) = postSolution
		SolutionGuid = {4F9E7AFA-82CA-40D6-A529-C18ED0A4FAD0}
	EndGlobalSection
EndGlobal
