
Microsoft Visual Studio Solution File, Format Version 12.00
# Visual Studio Version 16
VisualStudioVersion = 16.0.31205.134
MinimumVisualStudioVersion = 10.0.40219.1
Project("{FAE04EC0-301F-11D3-BF4B-00C04F79EFBC}") = "EntityFrameworkPractice", "EntityFrameworkPractice\EntityFrameworkPractice.csproj", "{9F2AA0C4-28A0-451E-8FEA-1819AAEB0E28}"
EndProject
Project("{FAE04EC0-301F-11D3-BF4B-00C04F79EFBC}") = "EntityFrameWorkLibrary", "EntityFrameWorkLibrary\EntityFrameWorkLibrary.csproj", "{19C9BD7A-68F4-4EE0-A63A-65D8F94D4559}"
EndProject
Global
	GlobalSection(SolutionConfigurationPlatforms) = preSolution
		Debug|Any CPU = Debug|Any CPU
		Release|Any CPU = Release|Any CPU
	EndGlobalSection
	GlobalSection(ProjectConfigurationPlatforms) = postSolution
		{9F2AA0C4-28A0-451E-8FEA-1819AAEB0E28}.Debug|Any CPU.ActiveCfg = Debug|Any CPU
		{9F2AA0C4-28A0-451E-8FEA-1819AAEB0E28}.Debug|Any CPU.Build.0 = Debug|Any CPU
		{9F2AA0C4-28A0-451E-8FEA-1819AAEB0E28}.Release|Any CPU.ActiveCfg = Release|Any CPU
		{9F2AA0C4-28A0-451E-8FEA-1819AAEB0E28}.Release|Any CPU.Build.0 = Release|Any CPU
		{19C9BD7A-68F4-4EE0-A63A-65D8F94D4559}.Debug|Any CPU.ActiveCfg = Debug|Any CPU
		{19C9BD7A-68F4-4EE0-A63A-65D8F94D4559}.Debug|Any CPU.Build.0 = Debug|Any CPU
		{19C9BD7A-68F4-4EE0-A63A-65D8F94D4559}.Release|Any CPU.ActiveCfg = Release|Any CPU
		{19C9BD7A-68F4-4EE0-A63A-65D8F94D4559}.Release|Any CPU.Build.0 = Release|Any CPU
	EndGlobalSection
	GlobalSection(SolutionProperties) = preSolution
		HideSolutionNode = FALSE
	EndGlobalSection
	GlobalSection(ExtensibilityGlobals) = postSolution
		SolutionGuid = {CBEAB742-1E69-4336-9839-D6CF0C878727}
	EndGlobalSection
EndGlobal
