
Microsoft Visual Studio Solution File, Format Version 12.00
# Visual Studio Version 16
VisualStudioVersion = 16.0.31205.134
MinimumVisualStudioVersion = 10.0.40219.1
Project("{9A19103F-16F7-4668-BE54-9A1E7A4F7556}") = "practice.ConsoleApp1", "practice.ConsoleApp1.csproj", "{BA0D9272-4F8A-409C-A81A-EC96FEE74D72}"
EndProject
Global
	GlobalSection(SolutionConfigurationPlatforms) = preSolution
		Debug|Any CPU = Debug|Any CPU
		Release|Any CPU = Release|Any CPU
	EndGlobalSection
	GlobalSection(ProjectConfigurationPlatforms) = postSolution
		{BA0D9272-4F8A-409C-A81A-EC96FEE74D72}.Debug|Any CPU.ActiveCfg = Debug|Any CPU
		{BA0D9272-4F8A-409C-A81A-EC96FEE74D72}.Debug|Any CPU.Build.0 = Debug|Any CPU
		{BA0D9272-4F8A-409C-A81A-EC96FEE74D72}.Release|Any CPU.ActiveCfg = Release|Any CPU
		{BA0D9272-4F8A-409C-A81A-EC96FEE74D72}.Release|Any CPU.Build.0 = Release|Any CPU
	EndGlobalSection
	GlobalSection(SolutionProperties) = preSolution
		HideSolutionNode = FALSE
	EndGlobalSection
	GlobalSection(ExtensibilityGlobals) = postSolution
		SolutionGuid = {0497968C-8ECE-4176-BCEA-D91D5905246A}
	EndGlobalSection
EndGlobal
