
Microsoft Visual Studio Solution File, Format Version 12.00
# Visual Studio Version 16
VisualStudioVersion = 16.0.31129.286
MinimumVisualStudioVersion = 10.0.40219.1
Project("{FAE04EC0-301F-11D3-BF4B-00C04F79EFBC}") = "Linq", "Linq\Linq.csproj", "{07278B2F-772F-466A-A1F8-F19C6D881052}"
EndProject
Global
	GlobalSection(SolutionConfigurationPlatforms) = preSolution
		Debug|Any CPU = Debug|Any CPU
		Release|Any CPU = Release|Any CPU
	EndGlobalSection
	GlobalSection(ProjectConfigurationPlatforms) = postSolution
		{07278B2F-772F-466A-A1F8-F19C6D881052}.Debug|Any CPU.ActiveCfg = Debug|Any CPU
		{07278B2F-772F-466A-A1F8-F19C6D881052}.Debug|Any CPU.Build.0 = Debug|Any CPU
		{07278B2F-772F-466A-A1F8-F19C6D881052}.Release|Any CPU.ActiveCfg = Release|Any CPU
		{07278B2F-772F-466A-A1F8-F19C6D881052}.Release|Any CPU.Build.0 = Release|Any CPU
	EndGlobalSection
	GlobalSection(SolutionProperties) = preSolution
		HideSolutionNode = FALSE
	EndGlobalSection
	GlobalSection(ExtensibilityGlobals) = postSolution
		SolutionGuid = {D2EF61CF-E4FE-4C75-A367-630CE217C6E0}
	EndGlobalSection
EndGlobal
